
Microsoft Visual Studio Solution File, Format Version 12.00
# Visual Studio 15
VisualStudioVersion = 15.0.27703.2000
MinimumVisualStudioVersion = 10.0.40219.1
Project("{F184B08F-C81C-45F6-A57F-5ABD9991F28F}") = "BulkUI", "BulkUI\BulkUI.vbproj", "{267047C3-F5AE-45E8-A770-31694068293B}"
EndProject
Global
	GlobalSection(SolutionConfigurationPlatforms) = preSolution
		Debug|Any CPU = Debug|Any CPU
		Release|Any CPU = Release|Any CPU
	EndGlobalSection
	GlobalSection(ProjectConfigurationPlatforms) = postSolution
		{267047C3-F5AE-45E8-A770-31694068293B}.Debug|Any CPU.ActiveCfg = Debug|Any CPU
		{267047C3-F5AE-45E8-A770-31694068293B}.Debug|Any CPU.Build.0 = Debug|Any CPU
		{267047C3-F5AE-45E8-A770-31694068293B}.Release|Any CPU.ActiveCfg = Release|Any CPU
		{267047C3-F5AE-45E8-A770-31694068293B}.Release|Any CPU.Build.0 = Release|Any CPU
	EndGlobalSection
	GlobalSection(SolutionProperties) = preSolution
		HideSolutionNode = FALSE
	EndGlobalSection
	GlobalSection(ExtensibilityGlobals) = postSolution
		SolutionGuid = {BED78F52-CB96-4709-8F70-78E2983BA43B}
	EndGlobalSection
EndGlobal
