
Microsoft Visual Studio Solution File, Format Version 12.00
# Visual Studio 14
VisualStudioVersion = 14.0.25420.1
MinimumVisualStudioVersion = 10.0.40219.1
Project("{F184B08F-C81C-45F6-A57F-5ABD9991F28F}") = "EditorPlus.OfficeAddIn.Word", "EditorPlus.OfficeAddIn.Word\EditorPlus.OfficeAddIn.Word.vbproj", "{8100EFE8-9106-47DA-B96D-3A3B668F5879}"
EndProject
Project("{2150E333-8FDC-42A3-9474-1A3956D46DE8}") = "References", "References", "{CB12929D-9763-48C8-910F-382034381813}"
EndProject
Project("{F184B08F-C81C-45F6-A57F-5ABD9991F28F}") = "EditorPlus.UI", "..\EditorPlus.UI\EditorPlus.UI\EditorPlus.UI.vbproj", "{DD2126B7-21AA-4453-951D-55C5C6F3A9C8}"
EndProject
Project("{F184B08F-C81C-45F6-A57F-5ABD9991F28F}") = "EditorPlus.Core", "..\EditorPlus.Core\EditorPlus.Core\EditorPlus.Core.vbproj", "{A77720C6-9965-44C8-86A1-FB697DF92368}"
EndProject
Global
	GlobalSection(SolutionConfigurationPlatforms) = preSolution
		Debug|Any CPU = Debug|Any CPU
		Release|Any CPU = Release|Any CPU
	EndGlobalSection
	GlobalSection(ProjectConfigurationPlatforms) = postSolution
		{8100EFE8-9106-47DA-B96D-3A3B668F5879}.Debug|Any CPU.ActiveCfg = Debug|Any CPU
		{8100EFE8-9106-47DA-B96D-3A3B668F5879}.Debug|Any CPU.Build.0 = Debug|Any CPU
		{8100EFE8-9106-47DA-B96D-3A3B668F5879}.Release|Any CPU.ActiveCfg = Release|Any CPU
		{8100EFE8-9106-47DA-B96D-3A3B668F5879}.Release|Any CPU.Build.0 = Release|Any CPU
		{DD2126B7-21AA-4453-951D-55C5C6F3A9C8}.Debug|Any CPU.ActiveCfg = Debug|Any CPU
		{DD2126B7-21AA-4453-951D-55C5C6F3A9C8}.Debug|Any CPU.Build.0 = Debug|Any CPU
		{DD2126B7-21AA-4453-951D-55C5C6F3A9C8}.Release|Any CPU.ActiveCfg = Release|Any CPU
		{DD2126B7-21AA-4453-951D-55C5C6F3A9C8}.Release|Any CPU.Build.0 = Release|Any CPU
		{A77720C6-9965-44C8-86A1-FB697DF92368}.Debug|Any CPU.ActiveCfg = Debug|Any CPU
		{A77720C6-9965-44C8-86A1-FB697DF92368}.Debug|Any CPU.Build.0 = Debug|Any CPU
		{A77720C6-9965-44C8-86A1-FB697DF92368}.Release|Any CPU.ActiveCfg = Release|Any CPU
		{A77720C6-9965-44C8-86A1-FB697DF92368}.Release|Any CPU.Build.0 = Release|Any CPU
	EndGlobalSection
	GlobalSection(SolutionProperties) = preSolution
		HideSolutionNode = FALSE
	EndGlobalSection
	GlobalSection(NestedProjects) = preSolution
		{DD2126B7-21AA-4453-951D-55C5C6F3A9C8} = {CB12929D-9763-48C8-910F-382034381813}
		{A77720C6-9965-44C8-86A1-FB697DF92368} = {CB12929D-9763-48C8-910F-382034381813}
	EndGlobalSection
EndGlobal
